
Microsoft Visual Studio Solution File, Format Version 12.00
# Visual Studio Version 17
VisualStudioVersion = 17.5.002.0
MinimumVisualStudioVersion = 10.0.40219.1
Project("{9A19103F-16F7-4668-BE54-9A1E7A4F7556}") = "DotNetCore2", "DotNetCore2.csproj", "{DB673B51-485D-4FF4-8371-7E099DD3A4A2}"
EndProject
Global
	GlobalSection(SolutionConfigurationPlatforms) = preSolution
		Debug|Any CPU = Debug|Any CPU
		Release|Any CPU = Release|Any CPU
	EndGlobalSection
	GlobalSection(ProjectConfigurationPlatforms) = postSolution
		{DB673B51-485D-4FF4-8371-7E099DD3A4A2}.Debug|Any CPU.ActiveCfg = Debug|Any CPU
		{DB673B51-485D-4FF4-8371-7E099DD3A4A2}.Debug|Any CPU.Build.0 = Debug|Any CPU
		{DB673B51-485D-4FF4-8371-7E099DD3A4A2}.Release|Any CPU.ActiveCfg = Release|Any CPU
		{DB673B51-485D-4FF4-8371-7E099DD3A4A2}.Release|Any CPU.Build.0 = Release|Any CPU
	EndGlobalSection
	GlobalSection(SolutionProperties) = preSolution
		HideSolutionNode = FALSE
	EndGlobalSection
	GlobalSection(ExtensibilityGlobals) = postSolution
		SolutionGuid = {4C027D3E-A541-4269-AFA0-E754353A86EC}
	EndGlobalSection
EndGlobal
